// !$*UTF8*$!
{
	archiveVersion = 1;
	classes = {
	};
	objectVersion = 56;
	objects = {

/* Begin PBXBuildFile section */
		619B51812BAB66BA00ED352A /* ConverterApp.swift in Sources */ = {isa = PBXBuildFile; fileRef = 619B51802BAB66BA00ED352A /* ConverterApp.swift */; };
		619B51832BAB66BA00ED352A /* Converter.swift in Sources */ = {isa = PBXBuildFile; fileRef = 619B51822BAB66BA00ED352A /* Converter.swift */; };
		619B51852BAB66C800ED352A /* Assets.xcassets in Resources */ = {isa = PBXBuildFile; fileRef = 619B51842BAB66C800ED352A /* Assets.xcassets */; };
		619B51882BAB66C800ED352A /* Preview Assets.xcassets in Resources */ = {isa = PBXBuildFile; fileRef = 619B51872BAB66C800ED352A /* Preview Assets.xcassets */; };
		619B51922BAB66C800ED352A /* ConverterTests.swift in Sources */ = {isa = PBXBuildFile; fileRef = 619B51912BAB66C800ED352A /* ConverterTests.swift */; };
		619B519C2BAB66C900ED352A /* ConverterUITests.swift in Sources */ = {isa = PBXBuildFile; fileRef = 619B519B2BAB66C900ED352A /* ConverterUITests.swift */; };
		619B519E2BAB66C900ED352A /* ConverterUITestsLaunchTests.swift in Sources */ = {isa = PBXBuildFile; fileRef = 619B519D2BAB66C900ED352A /* ConverterUITestsLaunchTests.swift */; };
		619B51AB2BAB670F00ED352A /* CurrencyItem.swift in Sources */ = {isa = PBXBuildFile; fileRef = 619B51AA2BAB670F00ED352A /* CurrencyItem.swift */; };
		619B51AD2BAC647700ED352A /* ConvertModel.swift in Sources */ = {isa = PBXBuildFile; fileRef = 619B51AC2BAC647700ED352A /* ConvertModel.swift */; };
		619B51AF2BAC64E600ED352A /* ConverterViewModel.swift in Sources */ = {isa = PBXBuildFile; fileRef = 619B51AE2BAC64E600ED352A /* ConverterViewModel.swift */; };
		619B51B12BAF862200ED352A /* Crypto.swift in Sources */ = {isa = PBXBuildFile; fileRef = 619B51B02BAF862200ED352A /* Crypto.swift */; };
/* End PBXBuildFile section */

/* Begin PBXContainerItemProxy section */
		619B518E2BAB66C800ED352A /* PBXContainerItemProxy */ = {
			isa = PBXContainerItemProxy;
			containerPortal = 619B51752BAB66BA00ED352A /* Project object */;
			proxyType = 1;
			remoteGlobalIDString = 619B517C2BAB66BA00ED352A;
			remoteInfo = Converter;
		};
		619B51982BAB66C900ED352A /* PBXContainerItemProxy */ = {
			isa = PBXContainerItemProxy;
			containerPortal = 619B51752BAB66BA00ED352A /* Project object */;
			proxyType = 1;
			remoteGlobalIDString = 619B517C2BAB66BA00ED352A;
			remoteInfo = Converter;
		};
/* End PBXContainerItemProxy section */

/* Begin PBXFileReference section */
		619B517D2BAB66BA00ED352A /* Converter.app */ = {isa = PBXFileReference; explicitFileType = wrapper.application; includeInIndex = 0; path = Converter.app; sourceTree = BUILT_PRODUCTS_DIR; };
		619B51802BAB66BA00ED352A /* ConverterApp.swift */ = {isa = PBXFileReference; lastKnownFileType = sourcecode.swift; path = ConverterApp.swift; sourceTree = "<group>"; };
		619B51822BAB66BA00ED352A /* Converter.swift */ = {isa = PBXFileReference; lastKnownFileType = sourcecode.swift; path = Converter.swift; sourceTree = "<group>"; };
		619B51842BAB66C800ED352A /* Assets.xcassets */ = {isa = PBXFileReference; lastKnownFileType = folder.assetcatalog; path = Assets.xcassets; sourceTree = "<group>"; };
		619B51872BAB66C800ED352A /* Preview Assets.xcassets */ = {isa = PBXFileReference; lastKnownFileType = folder.assetcatalog; path = "Preview Assets.xcassets"; sourceTree = "<group>"; };
		619B518D2BAB66C800ED352A /* ConverterTests.xctest */ = {isa = PBXFileReference; explicitFileType = wrapper.cfbundle; includeInIndex = 0; path = ConverterTests.xctest; sourceTree = BUILT_PRODUCTS_DIR; };
		619B51912BAB66C800ED352A /* ConverterTests.swift */ = {isa = PBXFileReference; lastKnownFileType = sourcecode.swift; path = ConverterTests.swift; sourceTree = "<group>"; };
		619B51972BAB66C900ED352A /* ConverterUITests.xctest */ = {isa = PBXFileReference; explicitFileType = wrapper.cfbundle; includeInIndex = 0; path = ConverterUITests.xctest; sourceTree = BUILT_PRODUCTS_DIR; };
		619B519B2BAB66C900ED352A /* ConverterUITests.swift */ = {isa = PBXFileReference; lastKnownFileType = sourcecode.swift; path = ConverterUITests.swift; sourceTree = "<group>"; };
		619B519D2BAB66C900ED352A /* ConverterUITestsLaunchTests.swift */ = {isa = PBXFileReference; lastKnownFileType = sourcecode.swift; path = ConverterUITestsLaunchTests.swift; sourceTree = "<group>"; };
		619B51AA2BAB670F00ED352A /* CurrencyItem.swift */ = {isa = PBXFileReference; lastKnownFileType = sourcecode.swift; path = CurrencyItem.swift; sourceTree = "<group>"; };
		619B51AC2BAC647700ED352A /* ConvertModel.swift */ = {isa = PBXFileReference; lastKnownFileType = sourcecode.swift; path = ConvertModel.swift; sourceTree = "<group>"; };
		619B51AE2BAC64E600ED352A /* ConverterViewModel.swift */ = {isa = PBXFileReference; lastKnownFileType = sourcecode.swift; path = ConverterViewModel.swift; sourceTree = "<group>"; };
		619B51B02BAF862200ED352A /* Crypto.swift */ = {isa = PBXFileReference; lastKnownFileType = sourcecode.swift; path = Crypto.swift; sourceTree = "<group>"; };
/* End PBXFileReference section */

/* Begin PBXFrameworksBuildPhase section */
		619B517A2BAB66BA00ED352A /* Frameworks */ = {
			isa = PBXFrameworksBuildPhase;
			buildActionMask = 2147483647;
			files = (
			);
			runOnlyForDeploymentPostprocessing = 0;
		};
		619B518A2BAB66C800ED352A /* Frameworks */ = {
			isa = PBXFrameworksBuildPhase;
			buildActionMask = 2147483647;
			files = (
			);
			runOnlyForDeploymentPostprocessing = 0;
		};
		619B51942BAB66C900ED352A /* Frameworks */ = {
			isa = PBXFrameworksBuildPhase;
			buildActionMask = 2147483647;
			files = (
			);
			runOnlyForDeploymentPostprocessing = 0;
		};
/* End PBXFrameworksBuildPhase section */

/* Begin PBXGroup section */
		619B51742BAB66BA00ED352A = {
			isa = PBXGroup;
			children = (
				619B517F2BAB66BA00ED352A /* Converter */,
				619B51902BAB66C800ED352A /* ConverterTests */,
				619B519A2BAB66C900ED352A /* ConverterUITests */,
				619B517E2BAB66BA00ED352A /* Products */,
			);
			sourceTree = "<group>";
		};
		619B517E2BAB66BA00ED352A /* Products */ = {
			isa = PBXGroup;
			children = (
				619B517D2BAB66BA00ED352A /* Converter.app */,
				619B518D2BAB66C800ED352A /* ConverterTests.xctest */,
				619B51972BAB66C900ED352A /* ConverterUITests.xctest */,
			);
			name = Products;
			sourceTree = "<group>";
		};
		619B517F2BAB66BA00ED352A /* Converter */ = {
			isa = PBXGroup;
			children = (
				619B51802BAB66BA00ED352A /* ConverterApp.swift */,
				619B51822BAB66BA00ED352A /* Converter.swift */,
				619B51B02BAF862200ED352A /* Crypto.swift */,
				619B51AC2BAC647700ED352A /* ConvertModel.swift */,
				619B51AE2BAC64E600ED352A /* ConverterViewModel.swift */,
				619B51AA2BAB670F00ED352A /* CurrencyItem.swift */,
				619B51842BAB66C800ED352A /* Assets.xcassets */,
				619B51862BAB66C800ED352A /* Preview Content */,
			);
			path = Converter;
			sourceTree = "<group>";
		};
		619B51862BAB66C800ED352A /* Preview Content */ = {
			isa = PBXGroup;
			children = (
				619B51872BAB66C800ED352A /* Preview Assets.xcassets */,
			);
			path = "Preview Content";
			sourceTree = "<group>";
		};
		619B51902BAB66C800ED352A /* ConverterTests */ = {
			isa = PBXGroup;
			children = (
				619B51912BAB66C800ED352A /* ConverterTests.swift */,
			);
			path = ConverterTests;
			sourceTree = "<group>";
		};
		619B519A2BAB66C900ED352A /* ConverterUITests */ = {
			isa = PBXGroup;
			children = (
				619B519B2BAB66C900ED352A /* ConverterUITests.swift */,
				619B519D2BAB66C900ED352A /* ConverterUITestsLaunchTests.swift */,
			);
			path = ConverterUITests;
			sourceTree = "<group>";
		};
/* End PBXGroup section */

/* Begin PBXNativeTarget section */
		619B517C2BAB66BA00ED352A /* Converter */ = {
			isa = PBXNativeTarget;
			buildConfigurationList = 619B51A12BAB66C900ED352A /* Build configuration list for PBXNativeTarget "Converter" */;
			buildPhases = (
				619B51792BAB66BA00ED352A /* Sources */,
				619B517A2BAB66BA00ED352A /* Frameworks */,
				619B517B2BAB66BA00ED352A /* Resources */,
			);
			buildRules = (
			);
			dependencies = (
			);
			name = Converter;
			productName = Converter;
			productReference = 619B517D2BAB66BA00ED352A /* Converter.app */;
			productType = "com.apple.product-type.application";
		};
		619B518C2BAB66C800ED352A /* ConverterTests */ = {
			isa = PBXNativeTarget;
			buildConfigurationList = 619B51A42BAB66C900ED352A /* Build configuration list for PBXNativeTarget "ConverterTests" */;
			buildPhases = (
				619B51892BAB66C800ED352A /* Sources */,
				619B518A2BAB66C800ED352A /* Frameworks */,
				619B518B2BAB66C800ED352A /* Resources */,
			);
			buildRules = (
			);
			dependencies = (
				619B518F2BAB66C800ED352A /* PBXTargetDependency */,
			);
			name = ConverterTests;
			productName = ConverterTests;
			productReference = 619B518D2BAB66C800ED352A /* ConverterTests.xctest */;
			productType = "com.apple.product-type.bundle.unit-test";
		};
		619B51962BAB66C900ED352A /* ConverterUITests */ = {
			isa = PBXNativeTarget;
			buildConfigurationList = 619B51A72BAB66C900ED352A /* Build configuration list for PBXNativeTarget "ConverterUITests" */;
			buildPhases = (
				619B51932BAB66C900ED352A /* Sources */,
				619B51942BAB66C900ED352A /* Frameworks */,
				619B51952BAB66C900ED352A /* Resources */,
			);
			buildRules = (
			);
			dependencies = (
				619B51992BAB66C900ED352A /* PBXTargetDependency */,
			);
			name = ConverterUITests;
			productName = ConverterUITests;
			productReference = 619B51972BAB66C900ED352A /* ConverterUITests.xctest */;
			productType = "com.apple.product-type.bundle.ui-testing";
		};
/* End PBXNativeTarget section */

/* Begin PBXProject section */
		619B51752BAB66BA00ED352A /* Project object */ = {
			isa = PBXProject;
			attributes = {
				BuildIndependentTargetsInParallel = 1;
				LastSwiftUpdateCheck = 1520;
				LastUpgradeCheck = 1520;
				TargetAttributes = {
					619B517C2BAB66BA00ED352A = {
						CreatedOnToolsVersion = 15.2;
					};
					619B518C2BAB66C800ED352A = {
						CreatedOnToolsVersion = 15.2;
						TestTargetID = 619B517C2BAB66BA00ED352A;
					};
					619B51962BAB66C900ED352A = {
						CreatedOnToolsVersion = 15.2;
						TestTargetID = 619B517C2BAB66BA00ED352A;
					};
				};
			};
			buildConfigurationList = 619B51782BAB66BA00ED352A /* Build configuration list for PBXProject "Converter" */;
			compatibilityVersion = "Xcode 14.0";
			developmentRegion = en;
			hasScannedForEncodings = 0;
			knownRegions = (
				en,
				Base,
			);
			mainGroup = 619B51742BAB66BA00ED352A;
			productRefGroup = 619B517E2BAB66BA00ED352A /* Products */;
			projectDirPath = "";
			projectRoot = "";
			targets = (
				619B517C2BAB66BA00ED352A /* Converter */,
				619B518C2BAB66C800ED352A /* ConverterTests */,
				619B51962BAB66C900ED352A /* ConverterUITests */,
			);
		};
/* End PBXProject section */

/* Begin PBXResourcesBuildPhase section */
		619B517B2BAB66BA00ED352A /* Resources */ = {
			isa = PBXResourcesBuildPhase;
			buildActionMask = 2147483647;
			files = (
				619B51882BAB66C800ED352A /* Preview Assets.xcassets in Resources */,
				619B51852BAB66C800ED352A /* Assets.xcassets in Resources */,
			);
			runOnlyForDeploymentPostprocessing = 0;
		};
		619B518B2BAB66C800ED352A /* Resources */ = {
			isa = PBXResourcesBuildPhase;
			buildActionMask = 2147483647;
			files = (
			);
			runOnlyForDeploymentPostprocessing = 0;
		};
		619B51952BAB66C900ED352A /* Resources */ = {
			isa = PBXResourcesBuildPhase;
			buildActionMask = 2147483647;
			files = (
			);
			runOnlyForDeploymentPostprocessing = 0;
		};
/* End PBXResourcesBuildPhase section */

/* Begin PBXSourcesBuildPhase section */
		619B51792BAB66BA00ED352A /* Sources */ = {
			isa = PBXSourcesBuildPhase;
			buildActionMask = 2147483647;
			files = (
				619B51B12BAF862200ED352A /* Crypto.swift in Sources */,
				619B51832BAB66BA00ED352A /* Converter.swift in Sources */,
				619B51AF2BAC64E600ED352A /* ConverterViewModel.swift in Sources */,
				619B51812BAB66BA00ED352A /* ConverterApp.swift in Sources */,
				619B51AB2BAB670F00ED352A /* CurrencyItem.swift in Sources */,
				619B51AD2BAC647700ED352A /* ConvertModel.swift in Sources */,
			);
			runOnlyForDeploymentPostprocessing = 0;
		};
		619B51892BAB66C800ED352A /* Sources */ = {
			isa = PBXSourcesBuildPhase;
			buildActionMask = 2147483647;
			files = (
				619B51922BAB66C800ED352A /* ConverterTests.swift in Sources */,
			);
			runOnlyForDeploymentPostprocessing = 0;
		};
		619B51932BAB66C900ED352A /* Sources */ = {
			isa = PBXSourcesBuildPhase;
			buildActionMask = 2147483647;
			files = (
				619B519C2BAB66C900ED352A /* ConverterUITests.swift in Sources */,
				619B519E2BAB66C900ED352A /* ConverterUITestsLaunchTests.swift in Sources */,
			);
			runOnlyForDeploymentPostprocessing = 0;
		};
/* End PBXSourcesBuildPhase section */

/* Begin PBXTargetDependency section */
		619B518F2BAB66C800ED352A /* PBXTargetDependency */ = {
			isa = PBXTargetDependency;
			target = 619B517C2BAB66BA00ED352A /* Converter */;
			targetProxy = 619B518E2BAB66C800ED352A /* PBXContainerItemProxy */;
		};
		619B51992BAB66C900ED352A /* PBXTargetDependency */ = {
			isa = PBXTargetDependency;
			target = 619B517C2BAB66BA00ED352A /* Converter */;
			targetProxy = 619B51982BAB66C900ED352A /* PBXContainerItemProxy */;
		};
/* End PBXTargetDependency section */

/* Begin XCBuildConfiguration section */
		619B519F2BAB66C900ED352A /* Debug */ = {
			isa = XCBuildConfiguration;
			buildSettings = {
				ALWAYS_SEARCH_USER_PATHS = NO;
				ASSETCATALOG_COMPILER_GENERATE_SWIFT_ASSET_SYMBOL_EXTENSIONS = YES;
				CLANG_ANALYZER_NONNULL = YES;
				CLANG_ANALYZER_NUMBER_OBJECT_CONVERSION = YES_AGGRESSIVE;
				CLANG_CXX_LANGUAGE_STANDARD = "gnu++20";
				CLANG_ENABLE_MODULES = YES;
				CLANG_ENABLE_OBJC_ARC = YES;
				CLANG_ENABLE_OBJC_WEAK = YES;
				CLANG_WARN_BLOCK_CAPTURE_AUTORELEASING = YES;
				CLANG_WARN_BOOL_CONVERSION = YES;
				CLANG_WARN_COMMA = YES;
				CLANG_WARN_CONSTANT_CONVERSION = YES;
				CLANG_WARN_DEPRECATED_OBJC_IMPLEMENTATIONS = YES;
				CLANG_WARN_DIRECT_OBJC_ISA_USAGE = YES_ERROR;
				CLANG_WARN_DOCUMENTATION_COMMENTS = YES;
				CLANG_WARN_EMPTY_BODY = YES;
				CLANG_WARN_ENUM_CONVERSION = YES;
				CLANG_WARN_INFINITE_RECURSION = YES;
				CLANG_WARN_INT_CONVERSION = YES;
				CLANG_WARN_NON_LITERAL_NULL_CONVERSION = YES;
				CLANG_WARN_OBJC_IMPLICIT_RETAIN_SELF = YES;
				CLANG_WARN_OBJC_LITERAL_CONVERSION = YES;
				CLANG_WARN_OBJC_ROOT_CLASS = YES_ERROR;
				CLANG_WARN_QUOTED_INCLUDE_IN_FRAMEWORK_HEADER = YES;
				CLANG_WARN_RANGE_LOOP_ANALYSIS = YES;
				CLANG_WARN_STRICT_PROTOTYPES = YES;
				CLANG_WARN_SUSPICIOUS_MOVE = YES;
				CLANG_WARN_UNGUARDED_AVAILABILITY = YES_AGGRESSIVE;
				CLANG_WARN_UNREACHABLE_CODE = YES;
				CLANG_WARN__DUPLICATE_METHOD_MATCH = YES;
				COPY_PHASE_STRIP = NO;
				DEBUG_INFORMATION_FORMAT = dwarf;
				ENABLE_STRICT_OBJC_MSGSEND = YES;
				ENABLE_TESTABILITY = YES;
				ENABLE_USER_SCRIPT_SANDBOXING = YES;
				GCC_C_LANGUAGE_STANDARD = gnu17;
				GCC_DYNAMIC_NO_PIC = NO;
				GCC_NO_COMMON_BLOCKS = YES;
				GCC_OPTIMIZATION_LEVEL = 0;
				GCC_PREPROCESSOR_DEFINITIONS = (
					"DEBUG=1",
					"$(inherited)",
				);
				GCC_WARN_64_TO_32_BIT_CONVERSION = YES;
				GCC_WARN_ABOUT_RETURN_TYPE = YES_ERROR;
				GCC_WARN_UNDECLARED_SELECTOR = YES;
				GCC_WARN_UNINITIALIZED_AUTOS = YES_AGGRESSIVE;
				GCC_WARN_UNUSED_FUNCTION = YES;
				GCC_WARN_UNUSED_VARIABLE = YES;
				IPHONEOS_DEPLOYMENT_TARGET = 17.2;
				LOCALIZATION_PREFERS_STRING_CATALOGS = YES;
				MTL_ENABLE_DEBUG_INFO = INCLUDE_SOURCE;
				MTL_FAST_MATH = YES;
				ONLY_ACTIVE_ARCH = YES;
				SDKROOT = iphoneos;
				SWIFT_ACTIVE_COMPILATION_CONDITIONS = "DEBUG $(inherited)";
				SWIFT_OPTIMIZATION_LEVEL = "-Onone";
			};
			name = Debug;
		};
		619B51A02BAB66C900ED352A /* Release */ = {
			isa = XCBuildConfiguration;
			buildSettings = {
				ALWAYS_SEARCH_USER_PATHS = NO;
				ASSETCATALOG_COMPILER_GENERATE_SWIFT_ASSET_SYMBOL_EXTENSIONS = YES;
				CLANG_ANALYZER_NONNULL = YES;
				CLANG_ANALYZER_NUMBER_OBJECT_CONVERSION = YES_AGGRESSIVE;
				CLANG_CXX_LANGUAGE_STANDARD = "gnu++20";
				CLANG_ENABLE_MODULES = YES;
				CLANG_ENABLE_OBJC_ARC = YES;
				CLANG_ENABLE_OBJC_WEAK = YES;
				CLANG_WARN_BLOCK_CAPTURE_AUTORELEASING = YES;
				CLANG_WARN_BOOL_CONVERSION = YES;
				CLANG_WARN_COMMA = YES;
				CLANG_WARN_CONSTANT_CONVERSION = YES;
				CLANG_WARN_DEPRECATED_OBJC_IMPLEMENTATIONS = YES;
				CLANG_WARN_DIRECT_OBJC_ISA_USAGE = YES_ERROR;
				CLANG_WARN_DOCUMENTATION_COMMENTS = YES;
				CLANG_WARN_EMPTY_BODY = YES;
				CLANG_WARN_ENUM_CONVERSION = YES;
				CLANG_WARN_INFINITE_RECURSION = YES;
				CLANG_WARN_INT_CONVERSION = YES;
				CLANG_WARN_NON_LITERAL_NULL_CONVERSION = YES;
				CLANG_WARN_OBJC_IMPLICIT_RETAIN_SELF = YES;
				CLANG_WARN_OBJC_LITERAL_CONVERSION = YES;
				CLANG_WARN_OBJC_ROOT_CLASS = YES_ERROR;
				CLANG_WARN_QUOTED_INCLUDE_IN_FRAMEWORK_HEADER = YES;
				CLANG_WARN_RANGE_LOOP_ANALYSIS = YES;
				CLANG_WARN_STRICT_PROTOTYPES = YES;
				CLANG_WARN_SUSPICIOUS_MOVE = YES;
				CLANG_WARN_UNGUARDED_AVAILABILITY = YES_AGGRESSIVE;
				CLANG_WARN_UNREACHABLE_CODE = YES;
				CLANG_WARN__DUPLICATE_METHOD_MATCH = YES;
				COPY_PHASE_STRIP = NO;
				DEBUG_INFORMATION_FORMAT = "dwarf-with-dsym";
				ENABLE_NS_ASSERTIONS = NO;
				ENABLE_STRICT_OBJC_MSGSEND = YES;
				ENABLE_USER_SCRIPT_SANDBOXING = YES;
				GCC_C_LANGUAGE_STANDARD = gnu17;
				GCC_NO_COMMON_BLOCKS = YES;
				GCC_WARN_64_TO_32_BIT_CONVERSION = YES;
				GCC_WARN_ABOUT_RETURN_TYPE = YES_ERROR;
				GCC_WARN_UNDECLARED_SELECTOR = YES;
				GCC_WARN_UNINITIALIZED_AUTOS = YES_AGGRESSIVE;
				GCC_WARN_UNUSED_FUNCTION = YES;
				GCC_WARN_UNUSED_VARIABLE = YES;
				IPHONEOS_DEPLOYMENT_TARGET = 17.2;
				LOCALIZATION_PREFERS_STRING_CATALOGS = YES;
				MTL_ENABLE_DEBUG_INFO = NO;
				MTL_FAST_MATH = YES;
				SDKROOT = iphoneos;
				SWIFT_COMPILATION_MODE = wholemodule;
				VALIDATE_PRODUCT = YES;
			};
			name = Release;
		};
		619B51A22BAB66C900ED352A /* Debug */ = {
			isa = XCBuildConfiguration;
			buildSettings = {
				ASSETCATALOG_COMPILER_APPICON_NAME = AppIcon;
				ASSETCATALOG_COMPILER_GLOBAL_ACCENT_COLOR_NAME = AccentColor;
				CODE_SIGN_STYLE = Automatic;
				CURRENT_PROJECT_VERSION = 1;
				DEVELOPMENT_ASSET_PATHS = "\"Converter/Preview Content\"";
				ENABLE_PREVIEWS = YES;
				GENERATE_INFOPLIST_FILE = YES;
				INFOPLIST_KEY_UIApplicationSceneManifest_Generation = YES;
				INFOPLIST_KEY_UIApplicationSupportsIndirectInputEvents = YES;
				INFOPLIST_KEY_UILaunchScreen_Generation = YES;
				INFOPLIST_KEY_UISupportedInterfaceOrientations_iPad = "UIInterfaceOrientationPortrait UIInterfaceOrientationPortraitUpsideDown UIInterfaceOrientationLandscapeLeft UIInterfaceOrientationLandscapeRight";
				INFOPLIST_KEY_UISupportedInterfaceOrientations_iPhone = "UIInterfaceOrientationPortrait UIInterfaceOrientationLandscapeLeft UIInterfaceOrientationLandscapeRight";
				LD_RUNPATH_SEARCH_PATHS = (
					"$(inherited)",
					"@executable_path/Frameworks",
				);
				MARKETING_VERSION = 1.0;
				PRODUCT_BUNDLE_IDENTIFIER = edu.auburn.sms0157.Converter;
				PRODUCT_NAME = "$(TARGET_NAME)";
				SWIFT_EMIT_LOC_STRINGS = YES;
				SWIFT_VERSION = 5.0;
				TARGETED_DEVICE_FAMILY = "1,2";
			};
			name = Debug;
		};
		619B51A32BAB66C900ED352A /* Release */ = {
			isa = XCBuildConfiguration;
			buildSettings = {
				ASSETCATALOG_COMPILER_APPICON_NAME = AppIcon;
				ASSETCATALOG_COMPILER_GLOBAL_ACCENT_COLOR_NAME = AccentColor;
				CODE_SIGN_STYLE = Automatic;
				CURRENT_PROJECT_VERSION = 1;
				DEVELOPMENT_ASSET_PATHS = "\"Converter/Preview Content\"";
				ENABLE_PREVIEWS = YES;
				GENERATE_INFOPLIST_FILE = YES;
				INFOPLIST_KEY_UIApplicationSceneManifest_Generation = YES;
				INFOPLIST_KEY_UIApplicationSupportsIndirectInputEvents = YES;
				INFOPLIST_KEY_UILaunchScreen_Generation = YES;
				INFOPLIST_KEY_UISupportedInterfaceOrientations_iPad = "UIInterfaceOrientationPortrait UIInterfaceOrientationPortraitUpsideDown UIInterfaceOrientationLandscapeLeft UIInterfaceOrientationLandscapeRight";
				INFOPLIST_KEY_UISupportedInterfaceOrientations_iPhone = "UIInterfaceOrientationPortrait UIInterfaceOrientationLandscapeLeft UIInterfaceOrientationLandscapeRight";
				LD_RUNPATH_SEARCH_PATHS = (
					"$(inherited)",
					"@executable_path/Frameworks",
				);
				MARKETING_VERSION = 1.0;
				PRODUCT_BUNDLE_IDENTIFIER = edu.auburn.sms0157.Converter;
				PRODUCT_NAME = "$(TARGET_NAME)";
				SWIFT_EMIT_LOC_STRINGS = YES;
				SWIFT_VERSION = 5.0;
				TARGETED_DEVICE_FAMILY = "1,2";
			};
			name = Release;
		};
		619B51A52BAB66C900ED352A /* Debug */ = {
			isa = XCBuildConfiguration;
			buildSettings = {
				ALWAYS_EMBED_SWIFT_STANDARD_LIBRARIES = YES;
				BUNDLE_LOADER = "$(TEST_HOST)";
				CODE_SIGN_STYLE = Automatic;
				CURRENT_PROJECT_VERSION = 1;
				GENERATE_INFOPLIST_FILE = YES;
				IPHONEOS_DEPLOYMENT_TARGET = 17.2;
				MARKETING_VERSION = 1.0;
				PRODUCT_BUNDLE_IDENTIFIER = edu.auburn.sms0157.ConverterTests;
				PRODUCT_NAME = "$(TARGET_NAME)";
				SWIFT_EMIT_LOC_STRINGS = NO;
				SWIFT_VERSION = 5.0;
				TARGETED_DEVICE_FAMILY = "1,2";
				TEST_HOST = "$(BUILT_PRODUCTS_DIR)/Converter.app/$(BUNDLE_EXECUTABLE_FOLDER_PATH)/Converter";
			};
			name = Debug;
		};
		619B51A62BAB66C900ED352A /* Release */ = {
			isa = XCBuildConfiguration;
			buildSettings = {
				ALWAYS_EMBED_SWIFT_STANDARD_LIBRARIES = YES;
				BUNDLE_LOADER = "$(TEST_HOST)";
				CODE_SIGN_STYLE = Automatic;
				CURRENT_PROJECT_VERSION = 1;
				GENERATE_INFOPLIST_FILE = YES;
				IPHONEOS_DEPLOYMENT_TARGET = 17.2;
				MARKETING_VERSION = 1.0;
				PRODUCT_BUNDLE_IDENTIFIER = edu.auburn.sms0157.ConverterTests;
				PRODUCT_NAME = "$(TARGET_NAME)";
				SWIFT_EMIT_LOC_STRINGS = NO;
				SWIFT_VERSION = 5.0;
				TARGETED_DEVICE_FAMILY = "1,2";
				TEST_HOST = "$(BUILT_PRODUCTS_DIR)/Converter.app/$(BUNDLE_EXECUTABLE_FOLDER_PATH)/Converter";
			};
			name = Release;
		};
		619B51A82BAB66C900ED352A /* Debug */ = {
			isa = XCBuildConfiguration;
			buildSettings = {
				ALWAYS_EMBED_SWIFT_STANDARD_LIBRARIES = YES;
				CODE_SIGN_STYLE = Automatic;
				CURRENT_PROJECT_VERSION = 1;
				GENERATE_INFOPLIST_FILE = YES;
				MARKETING_VERSION = 1.0;
				PRODUCT_BUNDLE_IDENTIFIER = edu.auburn.sms0157.ConverterUITests;
				PRODUCT_NAME = "$(TARGET_NAME)";
				SWIFT_EMIT_LOC_STRINGS = NO;
				SWIFT_VERSION = 5.0;
				TARGETED_DEVICE_FAMILY = "1,2";
				TEST_TARGET_NAME = Converter;
			};
			name = Debug;
		};
		619B51A92BAB66C900ED352A /* Release */ = {
			isa = XCBuildConfiguration;
			buildSettings = {
				ALWAYS_EMBED_SWIFT_STANDARD_LIBRARIES = YES;
				CODE_SIGN_STYLE = Automatic;
				CURRENT_PROJECT_VERSION = 1;
				GENERATE_INFOPLIST_FILE = YES;
				MARKETING_VERSION = 1.0;
				PRODUCT_BUNDLE_IDENTIFIER = edu.auburn.sms0157.ConverterUITests;
				PRODUCT_NAME = "$(TARGET_NAME)";
				SWIFT_EMIT_LOC_STRINGS = NO;
				SWIFT_VERSION = 5.0;
				TARGETED_DEVICE_FAMILY = "1,2";
				TEST_TARGET_NAME = Converter;
			};
			name = Release;
		};
/* End XCBuildConfiguration section */

/* Begin XCConfigurationList section */
		619B51782BAB66BA00ED352A /* Build configuration list for PBXProject "Converter" */ = {
			isa = XCConfigurationList;
			buildConfigurations = (
				619B519F2BAB66C900ED352A /* Debug */,
				619B51A02BAB66C900ED352A /* Release */,
			);
			defaultConfigurationIsVisible = 0;
			defaultConfigurationName = Release;
		};
		619B51A12BAB66C900ED352A /* Build configuration list for PBXNativeTarget "Converter" */ = {
			isa = XCConfigurationList;
			buildConfigurations = (
				619B51A22BAB66C900ED352A /* Debug */,
				619B51A32BAB66C900ED352A /* Release */,
			);
			defaultConfigurationIsVisible = 0;
			defaultConfigurationName = Release;
		};
		619B51A42BAB66C900ED352A /* Build configuration list for PBXNativeTarget "ConverterTests" */ = {
			isa = XCConfigurationList;
			buildConfigurations = (
				619B51A52BAB66C900ED352A /* Debug */,
				619B51A62BAB66C900ED352A /* Release */,
			);
			defaultConfigurationIsVisible = 0;
			defaultConfigurationName = Release;
		};
		619B51A72BAB66C900ED352A /* Build configuration list for PBXNativeTarget "ConverterUITests" */ = {
			isa = XCConfigurationList;
			buildConfigurations = (
				619B51A82BAB66C900ED352A /* Debug */,
				619B51A92BAB66C900ED352A /* Release */,
			);
			defaultConfigurationIsVisible = 0;
			defaultConfigurationName = Release;
		};
/* End XCConfigurationList section */
	};
	rootObject = 619B51752BAB66BA00ED352A /* Project object */;
}
